// !$*UTF8*$!
{
	archiveVersion = 1;
	classes = {
	};
	objectVersion = 46;
	objects = {

/* Begin PBXBuildFile section */
		692910701B8E19720054A892 /* AppDelegate.swift in Sources */ = {isa = PBXBuildFile; fileRef = 6929106F1B8E19720054A892 /* AppDelegate.swift */; };
		692910721B8E19720054A892 /* ViewController.swift in Sources */ = {isa = PBXBuildFile; fileRef = 692910711B8E19720054A892 /* ViewController.swift */; };
		692910751B8E19720054A892 /* Main.storyboard in Resources */ = {isa = PBXBuildFile; fileRef = 692910731B8E19720054A892 /* Main.storyboard */; };
		692910771B8E19720054A892 /* Images.xcassets in Resources */ = {isa = PBXBuildFile; fileRef = 692910761B8E19720054A892 /* Images.xcassets */; };
		6929107A1B8E19720054A892 /* LaunchScreen.xib in Resources */ = {isa = PBXBuildFile; fileRef = 692910781B8E19720054A892 /* LaunchScreen.xib */; };
		695409F11B9263C90041F691 /* UserLocation.swift in Sources */ = {isa = PBXBuildFile; fileRef = 695409F01B9263C90041F691 /* UserLocation.swift */; };
		695D8BEC1B919EEF003125AE /* WeatherService.swift in Sources */ = {isa = PBXBuildFile; fileRef = 695D8BEB1B919EEF003125AE /* WeatherService.swift */; };
		6992CDD31B9365CF0044E743 /* WeatherDetails.swift in Sources */ = {isa = PBXBuildFile; fileRef = 6992CDD21B9365CF0044E743 /* WeatherDetails.swift */; };
		69B0E06F1B95AC360063A16B /* Local TemperatureTests in Resources */ = {isa = PBXBuildFile; fileRef = 69B0E06E1B95AC360063A16B /* Local TemperatureTests */; };
		69B0E0701B95AC360063A16B /* Local TemperatureTests in Resources */ = {isa = PBXBuildFile; fileRef = 69B0E06E1B95AC360063A16B /* Local TemperatureTests */; };
		69B7BB671B9100C4000603EE /* CoreLocation.framework in Frameworks */ = {isa = PBXBuildFile; fileRef = 69B7BB661B9100C4000603EE /* CoreLocation.framework */; };
		69D8D0441B9450F80056BD34 /* Colour.swift in Sources */ = {isa = PBXBuildFile; fileRef = 69D8D0431B9450F80056BD34 /* Colour.swift */; };
/* End PBXBuildFile section */

/* Begin PBXContainerItemProxy section */
		692910801B8E19720054A892 /* PBXContainerItemProxy */ = {
			isa = PBXContainerItemProxy;
			containerPortal = 692910621B8E19720054A892 /* Project object */;
			proxyType = 1;
			remoteGlobalIDString = 692910691B8E19720054A892;
			remoteInfo = "Local Temperature";
		};
/* End PBXContainerItemProxy section */

/* Begin PBXFileReference section */
		6929106A1B8E19720054A892 /* Local Temperature.app */ = {isa = PBXFileReference; explicitFileType = wrapper.application; includeInIndex = 0; path = "Local Temperature.app"; sourceTree = BUILT_PRODUCTS_DIR; };
		6929106E1B8E19720054A892 /* Info.plist */ = {isa = PBXFileReference; lastKnownFileType = text.plist.xml; path = Info.plist; sourceTree = "<group>"; };
		6929106F1B8E19720054A892 /* AppDelegate.swift */ = {isa = PBXFileReference; lastKnownFileType = sourcecode.swift; path = AppDelegate.swift; sourceTree = "<group>"; };
		692910711B8E19720054A892 /* ViewController.swift */ = {isa = PBXFileReference; lastKnownFileType = sourcecode.swift; path = ViewController.swift; sourceTree = "<group>"; };
		692910741B8E19720054A892 /* Base */ = {isa = PBXFileReference; lastKnownFileType = file.storyboard; name = Base; path = Base.lproj/Main.storyboard; sourceTree = "<group>"; };
		692910761B8E19720054A892 /* Images.xcassets */ = {isa = PBXFileReference; lastKnownFileType = folder.assetcatalog; path = Images.xcassets; sourceTree = "<group>"; };
		692910791B8E19720054A892 /* Base */ = {isa = PBXFileReference; lastKnownFileType = file.xib; name = Base; path = Base.lproj/LaunchScreen.xib; sourceTree = "<group>"; };
		6929107F1B8E19720054A892 /* Local TemperatureTests.xctest */ = {isa = PBXFileReference; explicitFileType = wrapper.cfbundle; includeInIndex = 0; path = "Local TemperatureTests.xctest"; sourceTree = BUILT_PRODUCTS_DIR; };
		695409F01B9263C90041F691 /* UserLocation.swift */ = {isa = PBXFileReference; fileEncoding = 4; lastKnownFileType = sourcecode.swift; path = UserLocation.swift; sourceTree = "<group>"; };
		695D8BEB1B919EEF003125AE /* WeatherService.swift */ = {isa = PBXFileReference; fileEncoding = 4; lastKnownFileType = sourcecode.swift; path = WeatherService.swift; sourceTree = "<group>"; };
		6992CDD21B9365CF0044E743 /* WeatherDetails.swift */ = {isa = PBXFileReference; fileEncoding = 4; lastKnownFileType = sourcecode.swift; path = WeatherDetails.swift; sourceTree = "<group>"; };
		69B0E06E1B95AC360063A16B /* Local TemperatureTests */ = {isa = PBXFileReference; lastKnownFileType = folder; path = "Local TemperatureTests"; sourceTree = "<group>"; };
		69B7BB661B9100C4000603EE /* CoreLocation.framework */ = {isa = PBXFileReference; lastKnownFileType = wrapper.framework; name = CoreLocation.framework; path = System/Library/Frameworks/CoreLocation.framework; sourceTree = SDKROOT; };
		69D8D0431B9450F80056BD34 /* Colour.swift */ = {isa = PBXFileReference; fileEncoding = 4; lastKnownFileType = sourcecode.swift; path = Colour.swift; sourceTree = "<group>"; };
/* End PBXFileReference section */

/* Begin PBXFrameworksBuildPhase section */
		692910671B8E19720054A892 /* Frameworks */ = {
			isa = PBXFrameworksBuildPhase;
			buildActionMask = 2147483647;
			files = (
				69B7BB671B9100C4000603EE /* CoreLocation.framework in Frameworks */,
			);
			runOnlyForDeploymentPostprocessing = 0;
		};
		6929107C1B8E19720054A892 /* Frameworks */ = {
			isa = PBXFrameworksBuildPhase;
			buildActionMask = 2147483647;
			files = (
			);
			runOnlyForDeploymentPostprocessing = 0;
		};
/* End PBXFrameworksBuildPhase section */

/* Begin PBXGroup section */
		692910611B8E19720054A892 = {
			isa = PBXGroup;
			children = (
				69B0E06E1B95AC360063A16B /* Local TemperatureTests */,
				69D8D0431B9450F80056BD34 /* Colour.swift */,
				6992CDD21B9365CF0044E743 /* WeatherDetails.swift */,
				695409F01B9263C90041F691 /* UserLocation.swift */,
				695D8BEB1B919EEF003125AE /* WeatherService.swift */,
				69B7BB661B9100C4000603EE /* CoreLocation.framework */,
				6929106C1B8E19720054A892 /* Local Temperature */,
				6929106B1B8E19720054A892 /* Products */,
			);
			sourceTree = "<group>";
		};
		6929106B1B8E19720054A892 /* Products */ = {
			isa = PBXGroup;
			children = (
				6929106A1B8E19720054A892 /* Local Temperature.app */,
				6929107F1B8E19720054A892 /* Local TemperatureTests.xctest */,
			);
			name = Products;
			sourceTree = "<group>";
		};
		6929106C1B8E19720054A892 /* Local Temperature */ = {
			isa = PBXGroup;
			children = (
				6929106F1B8E19720054A892 /* AppDelegate.swift */,
				692910711B8E19720054A892 /* ViewController.swift */,
				692910731B8E19720054A892 /* Main.storyboard */,
				692910761B8E19720054A892 /* Images.xcassets */,
				692910781B8E19720054A892 /* LaunchScreen.xib */,
				6929106D1B8E19720054A892 /* Supporting Files */,
			);
			path = "Local Temperature";
			sourceTree = "<group>";
		};
		6929106D1B8E19720054A892 /* Supporting Files */ = {
			isa = PBXGroup;
			children = (
				6929106E1B8E19720054A892 /* Info.plist */,
			);
			name = "Supporting Files";
			sourceTree = "<group>";
		};
/* End PBXGroup section */

/* Begin PBXNativeTarget section */
		692910691B8E19720054A892 /* Local Temperature */ = {
			isa = PBXNativeTarget;
			buildConfigurationList = 692910891B8E19720054A892 /* Build configuration list for PBXNativeTarget "Local Temperature" */;
			buildPhases = (
				692910661B8E19720054A892 /* Sources */,
				692910671B8E19720054A892 /* Frameworks */,
				692910681B8E19720054A892 /* Resources */,
			);
			buildRules = (
			);
			dependencies = (
			);
			name = "Local Temperature";
			productName = "Local Temperature";
			productReference = 6929106A1B8E19720054A892 /* Local Temperature.app */;
			productType = "com.apple.product-type.application";
		};
		6929107E1B8E19720054A892 /* Local TemperatureTests */ = {
			isa = PBXNativeTarget;
			buildConfigurationList = 6929108C1B8E19720054A892 /* Build configuration list for PBXNativeTarget "Local TemperatureTests" */;
			buildPhases = (
				6929107B1B8E19720054A892 /* Sources */,
				6929107C1B8E19720054A892 /* Frameworks */,
				6929107D1B8E19720054A892 /* Resources */,
			);
			buildRules = (
			);
			dependencies = (
				692910811B8E19720054A892 /* PBXTargetDependency */,
			);
			name = "Local TemperatureTests";
			productName = "Local TemperatureTests";
			productReference = 6929107F1B8E19720054A892 /* Local TemperatureTests.xctest */;
			productType = "com.apple.product-type.bundle.unit-test";
		};
/* End PBXNativeTarget section */

/* Begin PBXProject section */
		692910621B8E19720054A892 /* Project object */ = {
			isa = PBXProject;
			attributes = {
				LastUpgradeCheck = 0620;
				ORGANIZATIONNAME = nazchinaza;
				TargetAttributes = {
					692910691B8E19720054A892 = {
						CreatedOnToolsVersion = 6.2;
					};
					6929107E1B8E19720054A892 = {
						CreatedOnToolsVersion = 6.2;
						TestTargetID = 692910691B8E19720054A892;
					};
				};
			};
			buildConfigurationList = 692910651B8E19720054A892 /* Build configuration list for PBXProject "Local Temperature" */;
			compatibilityVersion = "Xcode 3.2";
			developmentRegion = English;
			hasScannedForEncodings = 0;
			knownRegions = (
				en,
				Base,
			);
			mainGroup = 692910611B8E19720054A892;
			productRefGroup = 6929106B1B8E19720054A892 /* Products */;
			projectDirPath = "";
			projectRoot = "";
			targets = (
				692910691B8E19720054A892 /* Local Temperature */,
				6929107E1B8E19720054A892 /* Local TemperatureTests */,
			);
		};
/* End PBXProject section */

/* Begin PBXResourcesBuildPhase section */
		692910681B8E19720054A892 /* Resources */ = {
			isa = PBXResourcesBuildPhase;
			buildActionMask = 2147483647;
			files = (
				692910751B8E19720054A892 /* Main.storyboard in Resources */,
				6929107A1B8E19720054A892 /* LaunchScreen.xib in Resources */,
				69B0E06F1B95AC360063A16B /* Local TemperatureTests in Resources */,
				692910771B8E19720054A892 /* Images.xcassets in Resources */,
			);
			runOnlyForDeploymentPostprocessing = 0;
		};
		6929107D1B8E19720054A892 /* Resources */ = {
			isa = PBXResourcesBuildPhase;
			buildActionMask = 2147483647;
			files = (
				69B0E0701B95AC360063A16B /* Local TemperatureTests in Resources */,
			);
			runOnlyForDeploymentPostprocessing = 0;
		};
/* End PBXResourcesBuildPhase section */

/* Begin PBXSourcesBuildPhase section */
		692910661B8E19720054A892 /* Sources */ = {
			isa = PBXSourcesBuildPhase;
			buildActionMask = 2147483647;
			files = (
				695D8BEC1B919EEF003125AE /* WeatherService.swift in Sources */,
				695409F11B9263C90041F691 /* UserLocation.swift in Sources */,
				6992CDD31B9365CF0044E743 /* WeatherDetails.swift in Sources */,
				69D8D0441B9450F80056BD34 /* Colour.swift in Sources */,
				692910721B8E19720054A892 /* ViewController.swift in Sources */,
				692910701B8E19720054A892 /* AppDelegate.swift in Sources */,
			);
			runOnlyForDeploymentPostprocessing = 0;
		};
		6929107B1B8E19720054A892 /* Sources */ = {
			isa = PBXSourcesBuildPhase;
			buildActionMask = 2147483647;
			files = (
			);
			runOnlyForDeploymentPostprocessing = 0;
		};
/* End PBXSourcesBuildPhase section */

/* Begin PBXTargetDependency section */
		692910811B8E19720054A892 /* PBXTargetDependency */ = {
			isa = PBXTargetDependency;
			target = 692910691B8E19720054A892 /* Local Temperature */;
			targetProxy = 692910801B8E19720054A892 /* PBXContainerItemProxy */;
		};
/* End PBXTargetDependency section */

/* Begin PBXVariantGroup section */
		692910731B8E19720054A892 /* Main.storyboard */ = {
			isa = PBXVariantGroup;
			children = (
				692910741B8E19720054A892 /* Base */,
			);
			name = Main.storyboard;
			sourceTree = "<group>";
		};
		692910781B8E19720054A892 /* LaunchScreen.xib */ = {
			isa = PBXVariantGroup;
			children = (
				692910791B8E19720054A892 /* Base */,
			);
			name = LaunchScreen.xib;
			sourceTree = "<group>";
		};
/* End PBXVariantGroup section */

/* Begin XCBuildConfiguration section */
		692910871B8E19720054A892 /* Debug */ = {
			isa = XCBuildConfiguration;
			buildSettings = {
				ALWAYS_SEARCH_USER_PATHS = NO;
				CLANG_CXX_LANGUAGE_STANDARD = "gnu++0x";
				CLANG_CXX_LIBRARY = "libc++";
				CLANG_ENABLE_MODULES = YES;
				CLANG_ENABLE_OBJC_ARC = YES;
				CLANG_WARN_BOOL_CONVERSION = YES;
				CLANG_WARN_CONSTANT_CONVERSION = YES;
				CLANG_WARN_DIRECT_OBJC_ISA_USAGE = YES_ERROR;
				CLANG_WARN_EMPTY_BODY = YES;
				CLANG_WARN_ENUM_CONVERSION = YES;
				CLANG_WARN_INT_CONVERSION = YES;
				CLANG_WARN_OBJC_ROOT_CLASS = YES_ERROR;
				CLANG_WARN_UNREACHABLE_CODE = YES;
				CLANG_WARN__DUPLICATE_METHOD_MATCH = YES;
				"CODE_SIGN_IDENTITY[sdk=iphoneos*]" = "iPhone Developer";
				COPY_PHASE_STRIP = NO;
				ENABLE_STRICT_OBJC_MSGSEND = YES;
				GCC_C_LANGUAGE_STANDARD = gnu99;
				GCC_DYNAMIC_NO_PIC = NO;
				GCC_OPTIMIZATION_LEVEL = 0;
				GCC_PREPROCESSOR_DEFINITIONS = (
					"DEBUG=1",
					"$(inherited)",
				);
				GCC_SYMBOLS_PRIVATE_EXTERN = NO;
				GCC_WARN_64_TO_32_BIT_CONVERSION = YES;
				GCC_WARN_ABOUT_RETURN_TYPE = YES_ERROR;
				GCC_WARN_UNDECLARED_SELECTOR = YES;
				GCC_WARN_UNINITIALIZED_AUTOS = YES_AGGRESSIVE;
				GCC_WARN_UNUSED_FUNCTION = YES;
				GCC_WARN_UNUSED_VARIABLE = YES;
				IPHONEOS_DEPLOYMENT_TARGET = 8.2;
				MTL_ENABLE_DEBUG_INFO = YES;
				ONLY_ACTIVE_ARCH = YES;
				SDKROOT = iphoneos;
				SWIFT_OPTIMIZATION_LEVEL = "-Onone";
			};
			name = Debug;
		};
		692910881B8E19720054A892 /* Release */ = {
			isa = XCBuildConfiguration;
			buildSettings = {
				ALWAYS_SEARCH_USER_PATHS = NO;
				CLANG_CXX_LANGUAGE_STANDARD = "gnu++0x";
				CLANG_CXX_LIBRARY = "libc++";
				CLANG_ENABLE_MODULES = YES;
				CLANG_ENABLE_OBJC_ARC = YES;
				CLANG_WARN_BOOL_CONVERSION = YES;
				CLANG_WARN_CONSTANT_CONVERSION = YES;
				CLANG_WARN_DIRECT_OBJC_ISA_USAGE = YES_ERROR;
				CLANG_WARN_EMPTY_BODY = YES;
				CLANG_WARN_ENUM_CONVERSION = YES;
				CLANG_WARN_INT_CONVERSION = YES;
				CLANG_WARN_OBJC_ROOT_CLASS = YES_ERROR;
				CLANG_WARN_UNREACHABLE_CODE = YES;
				CLANG_WARN__DUPLICATE_METHOD_MATCH = YES;
				"CODE_SIGN_IDENTITY[sdk=iphoneos*]" = "iPhone Developer";
				COPY_PHASE_STRIP = NO;
				ENABLE_NS_ASSERTIONS = NO;
				ENABLE_STRICT_OBJC_MSGSEND = YES;
				GCC_C_LANGUAGE_STANDARD = gnu99;
				GCC_WARN_64_TO_32_BIT_CONVERSION = YES;
				GCC_WARN_ABOUT_RETURN_TYPE = YES_ERROR;
				GCC_WARN_UNDECLARED_SELECTOR = YES;
				GCC_WARN_UNINITIALIZED_AUTOS = YES_AGGRESSIVE;
				GCC_WARN_UNUSED_FUNCTION = YES;
				GCC_WARN_UNUSED_VARIABLE = YES;
				IPHONEOS_DEPLOYMENT_TARGET = 8.2;
				MTL_ENABLE_DEBUG_INFO = NO;
				SDKROOT = iphoneos;
				VALIDATE_PRODUCT = YES;
			};
			name = Release;
		};
		6929108A1B8E19720054A892 /* Debug */ = {
			isa = XCBuildConfiguration;
			buildSettings = {
				ASSETCATALOG_COMPILER_APPICON_NAME = AppIcon;
				INFOPLIST_FILE = "Local Temperature/Info.plist";
				LD_RUNPATH_SEARCH_PATHS = "$(inherited) @executable_path/Frameworks";
				PRODUCT_NAME = "$(TARGET_NAME)";
			};
			name = Debug;
		};
		6929108B1B8E19720054A892 /* Release */ = {
			isa = XCBuildConfiguration;
			buildSettings = {
				ASSETCATALOG_COMPILER_APPICON_NAME = AppIcon;
				INFOPLIST_FILE = "Local Temperature/Info.plist";
				LD_RUNPATH_SEARCH_PATHS = "$(inherited) @executable_path/Frameworks";
				PRODUCT_NAME = "$(TARGET_NAME)";
			};
			name = Release;
		};
		6929108D1B8E19720054A892 /* Debug */ = {
			isa = XCBuildConfiguration;
			buildSettings = {
				BUNDLE_LOADER = "$(TEST_HOST)";
				FRAMEWORK_SEARCH_PATHS = (
					"$(SDKROOT)/Developer/Library/Frameworks",
					"$(inherited)",
				);
				GCC_PREPROCESSOR_DEFINITIONS = (
					"DEBUG=1",
					"$(inherited)",
				);
				INFOPLIST_FILE = "Local TemperatureTests/Info.plist";
				LD_RUNPATH_SEARCH_PATHS = "$(inherited) @executable_path/Frameworks @loader_path/Frameworks";
				PRODUCT_NAME = "$(TARGET_NAME)";
				TEST_HOST = "$(BUILT_PRODUCTS_DIR)/Local Temperature.app/Local Temperature";
			};
			name = Debug;
		};
		6929108E1B8E19720054A892 /* Release */ = {
			isa = XCBuildConfiguration;
			buildSettings = {
				BUNDLE_LOADER = "$(TEST_HOST)";
				FRAMEWORK_SEARCH_PATHS = (
					"$(SDKROOT)/Developer/Library/Frameworks",
					"$(inherited)",
				);
				INFOPLIST_FILE = "Local TemperatureTests/Info.plist";
				LD_RUNPATH_SEARCH_PATHS = "$(inherited) @executable_path/Frameworks @loader_path/Frameworks";
				PRODUCT_NAME = "$(TARGET_NAME)";
				TEST_HOST = "$(BUILT_PRODUCTS_DIR)/Local Temperature.app/Local Temperature";
			};
			name = Release;
		};
/* End XCBuildConfiguration section */

/* Begin XCConfigurationList section */
		692910651B8E19720054A892 /* Build configuration list for PBXProject "Local Temperature" */ = {
			isa = XCConfigurationList;
			buildConfigurations = (
				692910871B8E19720054A892 /* Debug */,
				692910881B8E19720054A892 /* Release */,
			);
			defaultConfigurationIsVisible = 0;
			defaultConfigurationName = Release;
		};
		692910891B8E19720054A892 /* Build configuration list for PBXNativeTarget "Local Temperature" */ = {
			isa = XCConfigurationList;
			buildConfigurations = (
				6929108A1B8E19720054A892 /* Debug */,
				6929108B1B8E19720054A892 /* Release */,
			);
			defaultConfigurationIsVisible = 0;
			defaultConfigurationName = Release;
		};
		6929108C1B8E19720054A892 /* Build configuration list for PBXNativeTarget "Local TemperatureTests" */ = {
			isa = XCConfigurationList;
			buildConfigurations = (
				6929108D1B8E19720054A892 /* Debug */,
				6929108E1B8E19720054A892 /* Release */,
			);
			defaultConfigurationIsVisible = 0;
			defaultConfigurationName = Release;
		};
/* End XCConfigurationList section */
	};
	rootObject = 692910621B8E19720054A892 /* Project object */;
}
